
Microsoft Visual Studio Solution File, Format Version 12.00
# Visual Studio Version 17
VisualStudioVersion = 17.13.35806.99 d17.13
MinimumVisualStudioVersion = 10.0.40219.1
Project("{FAE04EC0-301F-11D3-BF4B-00C04F79EFBC}") = "Coursework KSIS", "Coursework KSIS\Coursework KSIS.csproj", "{C8159D86-500F-46EE-BC8E-5F9926DAFF64}"
EndProject
Global
	GlobalSection(SolutionConfigurationPlatforms) = preSolution
		Debug|Any CPU = Debug|Any CPU
		Release|Any CPU = Release|Any CPU
	EndGlobalSection
	GlobalSection(ProjectConfigurationPlatforms) = postSolution
		{C8159D86-500F-46EE-BC8E-5F9926DAFF64}.Debug|Any CPU.ActiveCfg = Debug|Any CPU
		{C8159D86-500F-46EE-BC8E-5F9926DAFF64}.Debug|Any CPU.Build.0 = Debug|Any CPU
		{C8159D86-500F-46EE-BC8E-5F9926DAFF64}.Release|Any CPU.ActiveCfg = Release|Any CPU
		{C8159D86-500F-46EE-BC8E-5F9926DAFF64}.Release|Any CPU.Build.0 = Release|Any CPU
	EndGlobalSection
	GlobalSection(SolutionProperties) = preSolution
		HideSolutionNode = FALSE
	EndGlobalSection
	GlobalSection(ExtensibilityGlobals) = postSolution
		SolutionGuid = {61C6ABFD-E175-4C32-99E3-06597FC1F686}
	EndGlobalSection
EndGlobal
